
Microsoft Visual Studio Solution File, Format Version 12.00
# Visual Studio Version 16
VisualStudioVersion = 16.0.31205.134
MinimumVisualStudioVersion = 10.0.40219.1
Project("{9A19103F-16F7-4668-BE54-9A1E7A4F7556}") = "_01_Framework", "_01_Framework\_01_Framework.csproj", "{E6E70221-B6D0-4880-B74F-0826B6525F3F}"
EndProject
Project("{9A19103F-16F7-4668-BE54-9A1E7A4F7556}") = "ServiceHost", "ServiceHost\ServiceHost.csproj", "{8D7F7DDC-9C72-40D1-80E1-409CE29C85EE}"
EndProject
Project("{9A19103F-16F7-4668-BE54-9A1E7A4F7556}") = "_02_SecTotalQuery", "_02_SecTotalQuery\_02_SecTotalQuery.csproj", "{99FAFEF8-A88A-4F3B-9DDC-3A27354EC690}"
EndProject
Project("{2150E333-8FDC-42A3-9474-1A3956D46DE8}") = "CoreManagement", "CoreManagement", "{B5B9D748-CEC5-4007-A258-08FC69ECAD7A}"
EndProject
Project("{2150E333-8FDC-42A3-9474-1A3956D46DE8}") = "CM.Application", "CM.Application", "{3B4B1B32-E5D7-40CA-9177-A2E9DDBE9935}"
EndProject
Project("{2150E333-8FDC-42A3-9474-1A3956D46DE8}") = "CM.Domain", "CM.Domain", "{8A77B1FE-1729-4AB8-80D5-F538D07C28C8}"
EndProject
Project("{2150E333-8FDC-42A3-9474-1A3956D46DE8}") = "CM.Infrastructure", "CM.Infrastructure", "{44A481B4-96A1-4163-A4E4-838E485AA96B}"
EndProject
Project("{9A19103F-16F7-4668-BE54-9A1E7A4F7556}") = "CoreManagement.Application", "CoreManagement.Application\CoreManagement.Application.csproj", "{EC332A48-B337-4B51-BBF2-5DA679797D3A}"
EndProject
Project("{9A19103F-16F7-4668-BE54-9A1E7A4F7556}") = "CoreManagement.Application.Contract", "CoreManagement.Application.Contract\CoreManagement.Application.Contract.csproj", "{23DF8069-CAEB-4692-A673-1BDAA284DE60}"
EndProject
Project("{9A19103F-16F7-4668-BE54-9A1E7A4F7556}") = "CoreManagement.Domain", "CoreManagement.Domain\CoreManagement.Domain.csproj", "{8281BC57-9FE6-4879-8F3F-D5642B3B93B8}"
EndProject
Project("{9A19103F-16F7-4668-BE54-9A1E7A4F7556}") = "CoreManagement.Configuration", "CoreManagement.Configuration\CoreManagement.Configuration.csproj", "{0D613D4B-D26A-4316-8077-51CEE36834C4}"
EndProject
Global
	GlobalSection(SolutionConfigurationPlatforms) = preSolution
		Debug|Any CPU = Debug|Any CPU
		Release|Any CPU = Release|Any CPU
	EndGlobalSection
	GlobalSection(ProjectConfigurationPlatforms) = postSolution
		{E6E70221-B6D0-4880-B74F-0826B6525F3F}.Debug|Any CPU.ActiveCfg = Debug|Any CPU
		{E6E70221-B6D0-4880-B74F-0826B6525F3F}.Debug|Any CPU.Build.0 = Debug|Any CPU
		{E6E70221-B6D0-4880-B74F-0826B6525F3F}.Release|Any CPU.ActiveCfg = Release|Any CPU
		{E6E70221-B6D0-4880-B74F-0826B6525F3F}.Release|Any CPU.Build.0 = Release|Any CPU
		{8D7F7DDC-9C72-40D1-80E1-409CE29C85EE}.Debug|Any CPU.ActiveCfg = Debug|Any CPU
		{8D7F7DDC-9C72-40D1-80E1-409CE29C85EE}.Debug|Any CPU.Build.0 = Debug|Any CPU
		{8D7F7DDC-9C72-40D1-80E1-409CE29C85EE}.Release|Any CPU.ActiveCfg = Release|Any CPU
		{8D7F7DDC-9C72-40D1-80E1-409CE29C85EE}.Release|Any CPU.Build.0 = Release|Any CPU
		{99FAFEF8-A88A-4F3B-9DDC-3A27354EC690}.Debug|Any CPU.ActiveCfg = Debug|Any CPU
		{99FAFEF8-A88A-4F3B-9DDC-3A27354EC690}.Debug|Any CPU.Build.0 = Debug|Any CPU
		{99FAFEF8-A88A-4F3B-9DDC-3A27354EC690}.Release|Any CPU.ActiveCfg = Release|Any CPU
		{99FAFEF8-A88A-4F3B-9DDC-3A27354EC690}.Release|Any CPU.Build.0 = Release|Any CPU
		{EC332A48-B337-4B51-BBF2-5DA679797D3A}.Debug|Any CPU.ActiveCfg = Debug|Any CPU
		{EC332A48-B337-4B51-BBF2-5DA679797D3A}.Debug|Any CPU.Build.0 = Debug|Any CPU
		{EC332A48-B337-4B51-BBF2-5DA679797D3A}.Release|Any CPU.ActiveCfg = Release|Any CPU
		{EC332A48-B337-4B51-BBF2-5DA679797D3A}.Release|Any CPU.Build.0 = Release|Any CPU
		{23DF8069-CAEB-4692-A673-1BDAA284DE60}.Debug|Any CPU.ActiveCfg = Debug|Any CPU
		{23DF8069-CAEB-4692-A673-1BDAA284DE60}.Debug|Any CPU.Build.0 = Debug|Any CPU
		{23DF8069-CAEB-4692-A673-1BDAA284DE60}.Release|Any CPU.ActiveCfg = Release|Any CPU
		{23DF8069-CAEB-4692-A673-1BDAA284DE60}.Release|Any CPU.Build.0 = Release|Any CPU
		{8281BC57-9FE6-4879-8F3F-D5642B3B93B8}.Debug|Any CPU.ActiveCfg = Debug|Any CPU
		{8281BC57-9FE6-4879-8F3F-D5642B3B93B8}.Debug|Any CPU.Build.0 = Debug|Any CPU
		{8281BC57-9FE6-4879-8F3F-D5642B3B93B8}.Release|Any CPU.ActiveCfg = Release|Any CPU
		{8281BC57-9FE6-4879-8F3F-D5642B3B93B8}.Release|Any CPU.Build.0 = Release|Any CPU
		{0D613D4B-D26A-4316-8077-51CEE36834C4}.Debug|Any CPU.ActiveCfg = Debug|Any CPU
		{0D613D4B-D26A-4316-8077-51CEE36834C4}.Debug|Any CPU.Build.0 = Debug|Any CPU
		{0D613D4B-D26A-4316-8077-51CEE36834C4}.Release|Any CPU.ActiveCfg = Release|Any CPU
		{0D613D4B-D26A-4316-8077-51CEE36834C4}.Release|Any CPU.Build.0 = Release|Any CPU
	EndGlobalSection
	GlobalSection(SolutionProperties) = preSolution
		HideSolutionNode = FALSE
	EndGlobalSection
	GlobalSection(NestedProjects) = preSolution
		{3B4B1B32-E5D7-40CA-9177-A2E9DDBE9935} = {B5B9D748-CEC5-4007-A258-08FC69ECAD7A}
		{8A77B1FE-1729-4AB8-80D5-F538D07C28C8} = {B5B9D748-CEC5-4007-A258-08FC69ECAD7A}
		{44A481B4-96A1-4163-A4E4-838E485AA96B} = {B5B9D748-CEC5-4007-A258-08FC69ECAD7A}
		{EC332A48-B337-4B51-BBF2-5DA679797D3A} = {3B4B1B32-E5D7-40CA-9177-A2E9DDBE9935}
		{23DF8069-CAEB-4692-A673-1BDAA284DE60} = {3B4B1B32-E5D7-40CA-9177-A2E9DDBE9935}
		{8281BC57-9FE6-4879-8F3F-D5642B3B93B8} = {8A77B1FE-1729-4AB8-80D5-F538D07C28C8}
		{0D613D4B-D26A-4316-8077-51CEE36834C4} = {44A481B4-96A1-4163-A4E4-838E485AA96B}
	EndGlobalSection
	GlobalSection(ExtensibilityGlobals) = postSolution
		SolutionGuid = {5F2FEE20-8F0A-4113-BC85-97D188F6393A}
	EndGlobalSection
EndGlobal
