
Microsoft Visual Studio Solution File, Format Version 12.00
# Visual Studio Version 16
VisualStudioVersion = 16.0.31205.134
MinimumVisualStudioVersion = 10.0.40219.1
Project("{2150E333-8FDC-42A3-9474-1A3956D46DE8}") = "BranchManagement", "BranchManagement", "{0FE3CD55-9F66-4BF4-B066-0C22BF39982C}"
EndProject
Project("{2150E333-8FDC-42A3-9474-1A3956D46DE8}") = "BM.Domain", "BM.Domain", "{5E64AAC8-E570-43AF-934E-42ED238F9EB7}"
EndProject
Project("{2150E333-8FDC-42A3-9474-1A3956D46DE8}") = "BM.Application", "BM.Application", "{50C7FFDA-63F9-43E8-BF40-BF4DCB64FF27}"
EndProject
Project("{2150E333-8FDC-42A3-9474-1A3956D46DE8}") = "BM.Infrastructure", "BM.Infrastructure", "{3AD99522-63B4-497A-80B5-F17B1ECB9705}"
EndProject
Project("{9A19103F-16F7-4668-BE54-9A1E7A4F7556}") = "BranchManagement.Domain", "BranchManagement.Domain\BranchManagement.Domain.csproj", "{C9F2C513-B70F-4C1D-AFB0-6CADC4F2547A}"
EndProject
Project("{9A19103F-16F7-4668-BE54-9A1E7A4F7556}") = "_01_Framework", "_01_Framework\_01_Framework.csproj", "{E6E70221-B6D0-4880-B74F-0826B6525F3F}"
EndProject
Project("{9A19103F-16F7-4668-BE54-9A1E7A4F7556}") = "BranchManagement.Application", "BranchManagement.Application\BranchManagement.Application.csproj", "{21727D25-E2AF-4782-B613-76DB4F0A2343}"
EndProject
Project("{9A19103F-16F7-4668-BE54-9A1E7A4F7556}") = "BranchManagement.Application.Contract", "BranchManagement.Application.Contract\BranchManagement.Application.Contract.csproj", "{6CE437B3-31F7-4469-89DE-4FEA201492C1}"
EndProject
Project("{9A19103F-16F7-4668-BE54-9A1E7A4F7556}") = "BranchManagement.Configuration", "BranchManagement.Configuration\BranchManagement.Configuration.csproj", "{FE2EBF46-8B0B-493B-8C66-355414D4AC78}"
EndProject
Project("{9A19103F-16F7-4668-BE54-9A1E7A4F7556}") = "BranchManagement.Infrastructure.EFCore", "BranchManagement.Infrastructure.EFCore\BranchManagement.Infrastructure.EFCore.csproj", "{C6435B01-D0D2-4708-A15C-2917E67DD530}"
EndProject
Project("{9A19103F-16F7-4668-BE54-9A1E7A4F7556}") = "ServiceHost", "ServiceHost\ServiceHost.csproj", "{8D7F7DDC-9C72-40D1-80E1-409CE29C85EE}"
EndProject
Project("{2150E333-8FDC-42A3-9474-1A3956D46DE8}") = "PersonnelManagement", "PersonnelManagement", "{E68B2A5D-B5BC-4FD9-8CBA-9D2388A7ED7E}"
EndProject
Project("{2150E333-8FDC-42A3-9474-1A3956D46DE8}") = "PM.Application", "PM.Application", "{576C947C-BDE7-4F7F-A75C-CCF6091CE93E}"
EndProject
Project("{2150E333-8FDC-42A3-9474-1A3956D46DE8}") = "PM.Domain", "PM.Domain", "{6008C6CE-1830-40BD-B6E4-297845FE3BDE}"
EndProject
Project("{2150E333-8FDC-42A3-9474-1A3956D46DE8}") = "PM.Infrastructure", "PM.Infrastructure", "{3D0EF803-21E4-430D-91FC-274513C5509D}"
EndProject
Project("{9A19103F-16F7-4668-BE54-9A1E7A4F7556}") = "PersonnelManagement.Domain", "PersonnelManagement.Domain\PersonnelManagement.Domain.csproj", "{F87EE574-4D42-4B6F-81C9-4D09247FC819}"
EndProject
Project("{9A19103F-16F7-4668-BE54-9A1E7A4F7556}") = "PersonnelManagement.Application", "PersonnelManagement.Application\PersonnelManagement.Application.csproj", "{05D6EB19-2050-449A-9DDA-BA9407F9F067}"
EndProject
Project("{9A19103F-16F7-4668-BE54-9A1E7A4F7556}") = "PersonnelManagement.ApplicationContract", "PersonnelManagement.ApplicationContract\PersonnelManagement.ApplicationContract.csproj", "{0996A635-017F-404A-9FD2-20AD86D2BC40}"
EndProject
Project("{9A19103F-16F7-4668-BE54-9A1E7A4F7556}") = "PersonnelManagement.Configuration", "PersonnelManagement.Configuration\PersonnelManagement.Configuration.csproj", "{BFF173E5-AB24-4E58-A7F3-02139AE17E46}"
EndProject
Project("{9A19103F-16F7-4668-BE54-9A1E7A4F7556}") = "PersonnelManagement.Infrastructure.EFCore", "PersonnelManagement.Infrastructure.EFCore\PersonnelManagement.Infrastructure.EFCore.csproj", "{4C4589E1-036F-4F61-B31B-E074FEC4D466}"
EndProject
Project("{9A19103F-16F7-4668-BE54-9A1E7A4F7556}") = "_02_SecTotalQuery", "_02_SecTotalQuery\_02_SecTotalQuery.csproj", "{99FAFEF8-A88A-4F3B-9DDC-3A27354EC690}"
EndProject
Project("{2150E333-8FDC-42A3-9474-1A3956D46DE8}") = "BM.Presentation", "BM.Presentation", "{5651DA7E-0D74-4DD6-A0F3-CCA1FB0D542A}"
EndProject
Project("{FAE04EC0-301F-11D3-BF4B-00C04F79EFBC}") = "BranchManagement.Presentation.Api", "BranchManagement.Presentation.Api\BranchManagement.Presentation.Api.csproj", "{DD03E1EA-6B20-4149-A043-068A44260D49}"
EndProject
Global
	GlobalSection(SolutionConfigurationPlatforms) = preSolution
		Debug|Any CPU = Debug|Any CPU
		Release|Any CPU = Release|Any CPU
	EndGlobalSection
	GlobalSection(ProjectConfigurationPlatforms) = postSolution
		{C9F2C513-B70F-4C1D-AFB0-6CADC4F2547A}.Debug|Any CPU.ActiveCfg = Debug|Any CPU
		{C9F2C513-B70F-4C1D-AFB0-6CADC4F2547A}.Debug|Any CPU.Build.0 = Debug|Any CPU
		{C9F2C513-B70F-4C1D-AFB0-6CADC4F2547A}.Release|Any CPU.ActiveCfg = Release|Any CPU
		{C9F2C513-B70F-4C1D-AFB0-6CADC4F2547A}.Release|Any CPU.Build.0 = Release|Any CPU
		{E6E70221-B6D0-4880-B74F-0826B6525F3F}.Debug|Any CPU.ActiveCfg = Debug|Any CPU
		{E6E70221-B6D0-4880-B74F-0826B6525F3F}.Debug|Any CPU.Build.0 = Debug|Any CPU
		{E6E70221-B6D0-4880-B74F-0826B6525F3F}.Release|Any CPU.ActiveCfg = Release|Any CPU
		{E6E70221-B6D0-4880-B74F-0826B6525F3F}.Release|Any CPU.Build.0 = Release|Any CPU
		{21727D25-E2AF-4782-B613-76DB4F0A2343}.Debug|Any CPU.ActiveCfg = Debug|Any CPU
		{21727D25-E2AF-4782-B613-76DB4F0A2343}.Debug|Any CPU.Build.0 = Debug|Any CPU
		{21727D25-E2AF-4782-B613-76DB4F0A2343}.Release|Any CPU.ActiveCfg = Release|Any CPU
		{21727D25-E2AF-4782-B613-76DB4F0A2343}.Release|Any CPU.Build.0 = Release|Any CPU
		{6CE437B3-31F7-4469-89DE-4FEA201492C1}.Debug|Any CPU.ActiveCfg = Debug|Any CPU
		{6CE437B3-31F7-4469-89DE-4FEA201492C1}.Debug|Any CPU.Build.0 = Debug|Any CPU
		{6CE437B3-31F7-4469-89DE-4FEA201492C1}.Release|Any CPU.ActiveCfg = Release|Any CPU
		{6CE437B3-31F7-4469-89DE-4FEA201492C1}.Release|Any CPU.Build.0 = Release|Any CPU
		{FE2EBF46-8B0B-493B-8C66-355414D4AC78}.Debug|Any CPU.ActiveCfg = Debug|Any CPU
		{FE2EBF46-8B0B-493B-8C66-355414D4AC78}.Debug|Any CPU.Build.0 = Debug|Any CPU
		{FE2EBF46-8B0B-493B-8C66-355414D4AC78}.Release|Any CPU.ActiveCfg = Release|Any CPU
		{FE2EBF46-8B0B-493B-8C66-355414D4AC78}.Release|Any CPU.Build.0 = Release|Any CPU
		{C6435B01-D0D2-4708-A15C-2917E67DD530}.Debug|Any CPU.ActiveCfg = Debug|Any CPU
		{C6435B01-D0D2-4708-A15C-2917E67DD530}.Debug|Any CPU.Build.0 = Debug|Any CPU
		{C6435B01-D0D2-4708-A15C-2917E67DD530}.Release|Any CPU.ActiveCfg = Release|Any CPU
		{C6435B01-D0D2-4708-A15C-2917E67DD530}.Release|Any CPU.Build.0 = Release|Any CPU
		{8D7F7DDC-9C72-40D1-80E1-409CE29C85EE}.Debug|Any CPU.ActiveCfg = Debug|Any CPU
		{8D7F7DDC-9C72-40D1-80E1-409CE29C85EE}.Debug|Any CPU.Build.0 = Debug|Any CPU
		{8D7F7DDC-9C72-40D1-80E1-409CE29C85EE}.Release|Any CPU.ActiveCfg = Release|Any CPU
		{8D7F7DDC-9C72-40D1-80E1-409CE29C85EE}.Release|Any CPU.Build.0 = Release|Any CPU
		{F87EE574-4D42-4B6F-81C9-4D09247FC819}.Debug|Any CPU.ActiveCfg = Debug|Any CPU
		{F87EE574-4D42-4B6F-81C9-4D09247FC819}.Debug|Any CPU.Build.0 = Debug|Any CPU
		{F87EE574-4D42-4B6F-81C9-4D09247FC819}.Release|Any CPU.ActiveCfg = Release|Any CPU
		{F87EE574-4D42-4B6F-81C9-4D09247FC819}.Release|Any CPU.Build.0 = Release|Any CPU
		{05D6EB19-2050-449A-9DDA-BA9407F9F067}.Debug|Any CPU.ActiveCfg = Debug|Any CPU
		{05D6EB19-2050-449A-9DDA-BA9407F9F067}.Debug|Any CPU.Build.0 = Debug|Any CPU
		{05D6EB19-2050-449A-9DDA-BA9407F9F067}.Release|Any CPU.ActiveCfg = Release|Any CPU
		{05D6EB19-2050-449A-9DDA-BA9407F9F067}.Release|Any CPU.Build.0 = Release|Any CPU
		{0996A635-017F-404A-9FD2-20AD86D2BC40}.Debug|Any CPU.ActiveCfg = Debug|Any CPU
		{0996A635-017F-404A-9FD2-20AD86D2BC40}.Debug|Any CPU.Build.0 = Debug|Any CPU
		{0996A635-017F-404A-9FD2-20AD86D2BC40}.Release|Any CPU.ActiveCfg = Release|Any CPU
		{0996A635-017F-404A-9FD2-20AD86D2BC40}.Release|Any CPU.Build.0 = Release|Any CPU
		{BFF173E5-AB24-4E58-A7F3-02139AE17E46}.Debug|Any CPU.ActiveCfg = Debug|Any CPU
		{BFF173E5-AB24-4E58-A7F3-02139AE17E46}.Debug|Any CPU.Build.0 = Debug|Any CPU
		{BFF173E5-AB24-4E58-A7F3-02139AE17E46}.Release|Any CPU.ActiveCfg = Release|Any CPU
		{BFF173E5-AB24-4E58-A7F3-02139AE17E46}.Release|Any CPU.Build.0 = Release|Any CPU
		{4C4589E1-036F-4F61-B31B-E074FEC4D466}.Debug|Any CPU.ActiveCfg = Debug|Any CPU
		{4C4589E1-036F-4F61-B31B-E074FEC4D466}.Debug|Any CPU.Build.0 = Debug|Any CPU
		{4C4589E1-036F-4F61-B31B-E074FEC4D466}.Release|Any CPU.ActiveCfg = Release|Any CPU
		{4C4589E1-036F-4F61-B31B-E074FEC4D466}.Release|Any CPU.Build.0 = Release|Any CPU
		{99FAFEF8-A88A-4F3B-9DDC-3A27354EC690}.Debug|Any CPU.ActiveCfg = Debug|Any CPU
		{99FAFEF8-A88A-4F3B-9DDC-3A27354EC690}.Debug|Any CPU.Build.0 = Debug|Any CPU
		{99FAFEF8-A88A-4F3B-9DDC-3A27354EC690}.Release|Any CPU.ActiveCfg = Release|Any CPU
		{99FAFEF8-A88A-4F3B-9DDC-3A27354EC690}.Release|Any CPU.Build.0 = Release|Any CPU
		{DD03E1EA-6B20-4149-A043-068A44260D49}.Debug|Any CPU.ActiveCfg = Debug|Any CPU
		{DD03E1EA-6B20-4149-A043-068A44260D49}.Debug|Any CPU.Build.0 = Debug|Any CPU
		{DD03E1EA-6B20-4149-A043-068A44260D49}.Release|Any CPU.ActiveCfg = Release|Any CPU
		{DD03E1EA-6B20-4149-A043-068A44260D49}.Release|Any CPU.Build.0 = Release|Any CPU
	EndGlobalSection
	GlobalSection(SolutionProperties) = preSolution
		HideSolutionNode = FALSE
	EndGlobalSection
	GlobalSection(NestedProjects) = preSolution
		{5E64AAC8-E570-43AF-934E-42ED238F9EB7} = {0FE3CD55-9F66-4BF4-B066-0C22BF39982C}
		{50C7FFDA-63F9-43E8-BF40-BF4DCB64FF27} = {0FE3CD55-9F66-4BF4-B066-0C22BF39982C}
		{3AD99522-63B4-497A-80B5-F17B1ECB9705} = {0FE3CD55-9F66-4BF4-B066-0C22BF39982C}
		{C9F2C513-B70F-4C1D-AFB0-6CADC4F2547A} = {5E64AAC8-E570-43AF-934E-42ED238F9EB7}
		{21727D25-E2AF-4782-B613-76DB4F0A2343} = {50C7FFDA-63F9-43E8-BF40-BF4DCB64FF27}
		{6CE437B3-31F7-4469-89DE-4FEA201492C1} = {50C7FFDA-63F9-43E8-BF40-BF4DCB64FF27}
		{FE2EBF46-8B0B-493B-8C66-355414D4AC78} = {3AD99522-63B4-497A-80B5-F17B1ECB9705}
		{C6435B01-D0D2-4708-A15C-2917E67DD530} = {3AD99522-63B4-497A-80B5-F17B1ECB9705}
		{576C947C-BDE7-4F7F-A75C-CCF6091CE93E} = {E68B2A5D-B5BC-4FD9-8CBA-9D2388A7ED7E}
		{6008C6CE-1830-40BD-B6E4-297845FE3BDE} = {E68B2A5D-B5BC-4FD9-8CBA-9D2388A7ED7E}
		{3D0EF803-21E4-430D-91FC-274513C5509D} = {E68B2A5D-B5BC-4FD9-8CBA-9D2388A7ED7E}
		{F87EE574-4D42-4B6F-81C9-4D09247FC819} = {6008C6CE-1830-40BD-B6E4-297845FE3BDE}
		{05D6EB19-2050-449A-9DDA-BA9407F9F067} = {576C947C-BDE7-4F7F-A75C-CCF6091CE93E}
		{0996A635-017F-404A-9FD2-20AD86D2BC40} = {576C947C-BDE7-4F7F-A75C-CCF6091CE93E}
		{BFF173E5-AB24-4E58-A7F3-02139AE17E46} = {3D0EF803-21E4-430D-91FC-274513C5509D}
		{4C4589E1-036F-4F61-B31B-E074FEC4D466} = {3D0EF803-21E4-430D-91FC-274513C5509D}
		{5651DA7E-0D74-4DD6-A0F3-CCA1FB0D542A} = {0FE3CD55-9F66-4BF4-B066-0C22BF39982C}
		{DD03E1EA-6B20-4149-A043-068A44260D49} = {5651DA7E-0D74-4DD6-A0F3-CCA1FB0D542A}
	EndGlobalSection
	GlobalSection(ExtensibilityGlobals) = postSolution
		SolutionGuid = {5F2FEE20-8F0A-4113-BC85-97D188F6393A}
	EndGlobalSection
EndGlobal
